{
  "name": "merkletree",
  "version": "1.0.0",
  "lockfileVersion": 2,
  "requires": true,
  "packages": {
    "": {
      "name": "merkletree",
      "version": "1.0.0",
      "license": "ISC",
      "dependencies": {
        "circomlib": "^2.0.3",
        "wasmsnark": "^0.0.10"
      }
    },
    "node_modules/big-integer": {
      "version": "1.6.51",
      "resolved": "https://registry.npmjs.org/big-integer/-/big-integer-1.6.51.tgz",
      "integrity": "sha512-GPEid2Y9QU1Exl1rpO9B2IPJGHPSupF5GnVIP0blYvNOMer2bTvSWs1jGOUg04hTmu67nmLsQ9TBo1puaotBHg==",
      "engines": {
        "node": ">=0.6"
      }
    },
    "node_modules/blakejs": {
      "version": "1.2.1",
      "resolved": "https://registry.npmjs.org/blakejs/-/blakejs-1.2.1.tgz",
      "integrity": "sha512-QXUSXI3QVc/gJME0dBpXrag1kbzOqCjCX8/b54ntNyW6sjtoqxqRk3LTmXzaJoh71zMsDCjM+47jS7XiwN/+fQ=="
    },
    "node_modules/circomlib": {
      "version": "2.0.3",
      "resolved": "https://registry.npmjs.org/circomlib/-/circomlib-2.0.3.tgz",
      "integrity": "sha512-OeG1YBcqS8mnsOI1WAZePbyAVBMf398sSQfXetpPAb2HC0+1r9Q6kN/qQaHkJZ77BZmXn5dUqQTa5g6d5BDS3Q=="
    },
    "node_modules/wasmsnark": {
      "version": "0.0.10",
      "resolved": "https://registry.npmjs.org/wasmsnark/-/wasmsnark-0.0.10.tgz",
      "integrity": "sha512-ARrJWhxvnBJXMERwBcnEnO5ByLwYhJZr1xwac9dl61SN7+1eOmG7Od3SJL1GzU6zaf86b9wza20y1d5ThCecLw==",
      "dependencies": {
        "big-integer": "^1.6.42",
        "blakejs": "^1.1.0"
      }
    }
  },
  "dependencies": {
    "big-integer": {
      "version": "1.6.51",
      "resolved": "https://registry.npmjs.org/big-integer/-/big-integer-1.6.51.tgz",
      "integrity": "sha512-GPEid2Y9QU1Exl1rpO9B2IPJGHPSupF5GnVIP0blYvNOMer2bTvSWs1jGOUg04hTmu67nmLsQ9TBo1puaotBHg=="
    },
    "blakejs": {
      "version": "1.2.1",
      "resolved": "https://registry.npmjs.org/blakejs/-/blakejs-1.2.1.tgz",
      "integrity": "sha512-QXUSXI3QVc/gJME0dBpXrag1kbzOqCjCX8/b54ntNyW6sjtoqxqRk3LTmXzaJoh71zMsDCjM+47jS7XiwN/+fQ=="
    },
    "circomlib": {
      "version": "2.0.3",
      "resolved": "https://registry.npmjs.org/circomlib/-/circomlib-2.0.3.tgz",
      "integrity": "sha512-OeG1YBcqS8mnsOI1WAZePbyAVBMf398sSQfXetpPAb2HC0+1r9Q6kN/qQaHkJZ77BZmXn5dUqQTa5g6d5BDS3Q=="
    },
    "wasmsnark": {
      "version": "0.0.10",
      "resolved": "https://registry.npmjs.org/wasmsnark/-/wasmsnark-0.0.10.tgz",
      "integrity": "sha512-ARrJWhxvnBJXMERwBcnEnO5ByLwYhJZr1xwac9dl61SN7+1eOmG7Od3SJL1GzU6zaf86b9wza20y1d5ThCecLw==",
      "requires": {
        "big-integer": "^1.6.42",
        "blakejs": "^1.1.0"
      }
    }
  }
}
